{
  "lockfileVersion": 1,
  "configVersion": 1,
  "workspaces": {
    "": {
      "name": "echo",
      "devDependencies": {
        "@types/bun": "^1.3.14",
      },
    },
    "adapters/claudecode": {
      "name": "@echo/claudecode-adapter",
      "version": "0.1.0",
      "dependencies": {
        "@echo/shared": "workspace:*",
      },
    },
    "adapters/codex": {
      "name": "@echo/codex-adapter",
      "dependencies": {
        "@echo/shared": "workspace:*",
      },
    },
    "adapters/grok": {
      "name": "@echo/grok-adapter",
      "version": "0.1.0",
      "dependencies": {
        "@echo/shared": "workspace:*",
      },
    },
    "adapters/jcode": {
      "name": "@echo/jcode-adapter",
      "version": "0.1.0",
      "dependencies": {
        "@echo/shared": "workspace:*",
      },
    },
    "adapters/mcp": {
      "name": "@echo/mcp-adapter",
      "version": "0.1.0",
      "dependencies": {
        "@echo/converse": "workspace:*",
      },
    },
    "adapters/omp": {
      "name": "@echo/omp-adapter",
      "version": "0.1.0",
      "dependencies": {
        "@echo/converse": "workspace:*",
        "@echo/shared": "workspace:*",
      },
      "peerDependencies": {
        "@oh-my-pi/pi-coding-agent": ">=0.78.0",
      },
      "optionalPeers": [
        "@oh-my-pi/pi-coding-agent",
      ],
    },
    "adapters/opencode": {
      "name": "@echo/opencode-adapter",
      "version": "0.1.0",
      "dependencies": {
        "@echo/shared": "workspace:*",
      },
    },
    "adapters/pi": {
      "name": "@echo/pi-adapter",
      "version": "0.1.0",
      "dependencies": {
        "@echo/converse": "workspace:*",
        "@echo/shared": "workspace:*",
      },
      "peerDependencies": {
        "@earendil-works/pi-coding-agent": ">=0.78.0",
      },
      "optionalPeers": [
        "@earendil-works/pi-coding-agent",
      ],
    },
    "converse": {
      "name": "@echo/converse",
      "version": "0.1.0",
      "dependencies": {
        "@echo/shared": "workspace:*",
      },
    },
    "shared": {
      "name": "@echo/shared",
      "version": "0.1.0",
    },
  },
  "packages": {
    "@echo/claudecode-adapter": ["@echo/claudecode-adapter@workspace:adapters/claudecode"],

    "@echo/codex-adapter": ["@echo/codex-adapter@workspace:adapters/codex"],

    "@echo/converse": ["@echo/converse@workspace:converse"],

    "@echo/grok-adapter": ["@echo/grok-adapter@workspace:adapters/grok"],

    "@echo/jcode-adapter": ["@echo/jcode-adapter@workspace:adapters/jcode"],

    "@echo/mcp-adapter": ["@echo/mcp-adapter@workspace:adapters/mcp"],

    "@echo/omp-adapter": ["@echo/omp-adapter@workspace:adapters/omp"],

    "@echo/opencode-adapter": ["@echo/opencode-adapter@workspace:adapters/opencode"],

    "@echo/pi-adapter": ["@echo/pi-adapter@workspace:adapters/pi"],

    "@echo/shared": ["@echo/shared@workspace:shared"],

    "@types/bun": ["@types/bun@1.3.14", "", { "dependencies": { "bun-types": "1.3.14" } }, "sha512-h1hFqFVcvAvD9j9K7ZW7vd82aSA+rTdznZa+5bwvCwqSB1jmmfLcbIWhOLx1/+boy/xmjgCs/OMUL8hRJSmnPw=="],

    "@types/node": ["@types/node@26.1.2", "", { "dependencies": { "undici-types": "~8.3.0" } }, "sha512-Vu4a5UFA9rIIFJ7rB/Vaafh9lrCQszopTCx6KjFboXTGQbPNasehVR5TEiithSDGyd1DEiUByggTZsg8jukeIg=="],

    "bun-types": ["bun-types@1.3.14", "", { "dependencies": { "@types/node": "*" } }, "sha512-4N0ig0fEomHt5R0KCFWjovxow98rIoRwKolrYdCcknNwMekCXRnWEUvgu5soYV8QXtVsrUD8B95MBOZGPvr6KQ=="],

    "undici-types": ["undici-types@8.3.0", "", {}, "sha512-j375ScV60dom+YkPFIfTLcOiPxkN/buHz5GobjLhixFuANaNs3C9l4GmrWqejgXWJ7BbJcFYpTEUkS1Ge8bpZQ=="],
  }
}
